
Microsoft Visual Studio Solution File, Format Version 11.00
# Visual Studio 2010
Project("{FAE04EC0-301F-11D3-BF4B-00C04F79EFBC}") = "Voo", "voo\Voo.csproj", "{EAB2B28B-808C-4167-A676-BDA2A5C0D08E}"
EndProject
Global
	GlobalSection(SolutionConfigurationPlatforms) = preSolution
		Debug|iPhoneSimulator = Debug|iPhoneSimulator
		Release|iPhoneSimulator = Release|iPhoneSimulator
		Debug|iPhone = Debug|iPhone
		Release|iPhone = Release|iPhone
	EndGlobalSection
	GlobalSection(ProjectConfigurationPlatforms) = postSolution
		{EAB2B28B-808C-4167-A676-BDA2A5C0D08E}.Debug|iPhone.ActiveCfg = Debug|iPhone
		{EAB2B28B-808C-4167-A676-BDA2A5C0D08E}.Debug|iPhone.Build.0 = Debug|iPhone
		{EAB2B28B-808C-4167-A676-BDA2A5C0D08E}.Debug|iPhoneSimulator.ActiveCfg = Debug|iPhoneSimulator
		{EAB2B28B-808C-4167-A676-BDA2A5C0D08E}.Debug|iPhoneSimulator.Build.0 = Debug|iPhoneSimulator
		{EAB2B28B-808C-4167-A676-BDA2A5C0D08E}.Release|iPhone.ActiveCfg = Release|iPhone
		{EAB2B28B-808C-4167-A676-BDA2A5C0D08E}.Release|iPhone.Build.0 = Release|iPhone
		{EAB2B28B-808C-4167-A676-BDA2A5C0D08E}.Release|iPhoneSimulator.ActiveCfg = Release|iPhoneSimulator
		{EAB2B28B-808C-4167-A676-BDA2A5C0D08E}.Release|iPhoneSimulator.Build.0 = Release|iPhoneSimulator
	EndGlobalSection
	GlobalSection(MonoDevelopProperties) = preSolution
		StartupItem = voo\Voo.csproj
	EndGlobalSection
EndGlobal
